{
  "name": "digital-filter",
  "version": "2.0.0",
  "lockfileVersion": 3,
  "requires": true,
  "packages": {
    "": {
      "name": "digital-filter",
      "version": "2.0.0",
      "license": "MIT",
      "dependencies": {
        "window-function": "^3.0.0"
      }
    },
    "node_modules/window-function": {
      "version": "3.0.0",
      "resolved": "https://registry.npmjs.org/window-function/-/window-function-3.0.0.tgz",
      "integrity": "sha512-aAVynK4nAKzO52KFRN1h0Wff9mvbQc9PIsV6aiCLG8jtJGsHC4C3UD+7yL26OgNb19lb/0Cb+6l9AIZaNW/QRg==",
      "license": "MIT",
      "engines": {
        "node": ">=18"
      }
    }
  }
}
